
Microsoft Visual Studio Solution File, Format Version 12.00
# Visual Studio Version 17
VisualStudioVersion = 17.7.34024.191
MinimumVisualStudioVersion = 10.0.40219.1
Project("{FAE04EC0-301F-11D3-BF4B-00C04F79EFBC}") = "SimpleWS-Server", "SimpleWS-Server\SimpleWS-Server.csproj", "{5996A137-97B0-4CB2-A43A-1CA8D597A6A8}"
EndProject
Project("{FAE04EC0-301F-11D3-BF4B-00C04F79EFBC}") = "SimpleWS-Client", "SimpleWS-Client\SimpleWS-Client.csproj", "{359769FE-0B98-4AC2-900D-532DEB40B6E2}"
EndProject
Global
	GlobalSection(SolutionConfigurationPlatforms) = preSolution
		Debug|Any CPU = Debug|Any CPU
		Release|Any CPU = Release|Any CPU
	EndGlobalSection
	GlobalSection(ProjectConfigurationPlatforms) = postSolution
		{5996A137-97B0-4CB2-A43A-1CA8D597A6A8}.Debug|Any CPU.ActiveCfg = Debug|Any CPU
		{5996A137-97B0-4CB2-A43A-1CA8D597A6A8}.Debug|Any CPU.Build.0 = Debug|Any CPU
		{5996A137-97B0-4CB2-A43A-1CA8D597A6A8}.Release|Any CPU.ActiveCfg = Release|Any CPU
		{5996A137-97B0-4CB2-A43A-1CA8D597A6A8}.Release|Any CPU.Build.0 = Release|Any CPU
		{359769FE-0B98-4AC2-900D-532DEB40B6E2}.Debug|Any CPU.ActiveCfg = Debug|Any CPU
		{359769FE-0B98-4AC2-900D-532DEB40B6E2}.Debug|Any CPU.Build.0 = Debug|Any CPU
		{359769FE-0B98-4AC2-900D-532DEB40B6E2}.Release|Any CPU.ActiveCfg = Release|Any CPU
		{359769FE-0B98-4AC2-900D-532DEB40B6E2}.Release|Any CPU.Build.0 = Release|Any CPU
	EndGlobalSection
	GlobalSection(SolutionProperties) = preSolution
		HideSolutionNode = FALSE
	EndGlobalSection
	GlobalSection(ExtensibilityGlobals) = postSolution
		SolutionGuid = {BD4C72A3-5AFE-4708-8CC5-C15CB7BD6623}
	EndGlobalSection
EndGlobal
